
Microsoft Visual Studio Solution File, Format Version 12.00
# Visual Studio 15
VisualStudioVersion = 15.0.25807.0
MinimumVisualStudioVersion = 10.0.40219.1
Project("{2150E333-8FDC-42A3-9474-1A3956D46DE8}") = "Engine", "Engine", "{CFB4B66C-4FF9-4503-B414-CD7C0C917C92}"
EndProject
Project("{2150E333-8FDC-42A3-9474-1A3956D46DE8}") = "Games", "Games", "{077B2243-F827-4BD0-B5CC-9398D5B19710}"
EndProject
Project("{8BC9CEB8-8B4A-11D0-8D11-00A0C91BC942}") = "UE4", "Intermediate\ProjectFiles\UE4.vcxproj", "{89E62C4A-4563-4E76-87B0-B2B98693CCC2}"
EndProject
Project("{8BC9CEB8-8B4A-11D0-8D11-00A0C91BC942}") = "FGFPS", "Intermediate\ProjectFiles\FGFPS.vcxproj", "{F8930FF9-FB79-4EB9-BF34-64269188A4DC}"
EndProject
Project("{2150E333-8FDC-42A3-9474-1A3956D46DE8}") = "Visualizers", "Visualizers", "{49B3E9DA-EC04-48F4-B1E2-B77E3488A478}"
	ProjectSection(SolutionItems) = preProject
		C:\Program Files\Epic Games\UE_4.21\Engine\Extras\VisualStudioDebugging\UE4.natvis = C:\Program Files\Epic Games\UE_4.21\Engine\Extras\VisualStudioDebugging\UE4.natvis
	EndProjectSection
EndProject
Global
	GlobalSection(SolutionConfigurationPlatforms) = preSolution
		DebugGame Editor|HTML5 = DebugGame Editor|HTML5
		DebugGame Editor|Win32 = DebugGame Editor|Win32
		DebugGame Editor|Win64 = DebugGame Editor|Win64
		DebugGame|HTML5 = DebugGame|HTML5
		DebugGame|Win32 = DebugGame|Win32
		DebugGame|Win64 = DebugGame|Win64
		Development Editor|HTML5 = Development Editor|HTML5
		Development Editor|Win32 = Development Editor|Win32
		Development Editor|Win64 = Development Editor|Win64
		Development|HTML5 = Development|HTML5
		Development|Win32 = Development|Win32
		Development|Win64 = Development|Win64
		Shipping|HTML5 = Shipping|HTML5
		Shipping|Win32 = Shipping|Win32
		Shipping|Win64 = Shipping|Win64
	EndGlobalSection
	GlobalSection(ProjectConfigurationPlatforms) = postSolution
		{89E62C4A-4563-4E76-87B0-B2B98693CCC2}.DebugGame Editor|HTML5.ActiveCfg = BuiltWithUnrealBuildTool|Win32
		{89E62C4A-4563-4E76-87B0-B2B98693CCC2}.DebugGame Editor|Win32.ActiveCfg = BuiltWithUnrealBuildTool|Win32
		{89E62C4A-4563-4E76-87B0-B2B98693CCC2}.DebugGame Editor|Win64.ActiveCfg = BuiltWithUnrealBuildTool|Win32
		{89E62C4A-4563-4E76-87B0-B2B98693CCC2}.DebugGame|HTML5.ActiveCfg = BuiltWithUnrealBuildTool|Win32
		{89E62C4A-4563-4E76-87B0-B2B98693CCC2}.DebugGame|Win32.ActiveCfg = BuiltWithUnrealBuildTool|Win32
		{89E62C4A-4563-4E76-87B0-B2B98693CCC2}.DebugGame|Win64.ActiveCfg = BuiltWithUnrealBuildTool|Win32
		{89E62C4A-4563-4E76-87B0-B2B98693CCC2}.Development Editor|HTML5.ActiveCfg = BuiltWithUnrealBuildTool|Win32
		{89E62C4A-4563-4E76-87B0-B2B98693CCC2}.Development Editor|Win32.ActiveCfg = BuiltWithUnrealBuildTool|Win32
		{89E62C4A-4563-4E76-87B0-B2B98693CCC2}.Development Editor|Win64.ActiveCfg = BuiltWithUnrealBuildTool|Win32
		{89E62C4A-4563-4E76-87B0-B2B98693CCC2}.Development|HTML5.ActiveCfg = BuiltWithUnrealBuildTool|Win32
		{89E62C4A-4563-4E76-87B0-B2B98693CCC2}.Development|Win32.ActiveCfg = BuiltWithUnrealBuildTool|Win32
		{89E62C4A-4563-4E76-87B0-B2B98693CCC2}.Development|Win64.ActiveCfg = BuiltWithUnrealBuildTool|Win32
		{89E62C4A-4563-4E76-87B0-B2B98693CCC2}.Shipping|HTML5.ActiveCfg = BuiltWithUnrealBuildTool|Win32
		{89E62C4A-4563-4E76-87B0-B2B98693CCC2}.Shipping|Win32.ActiveCfg = BuiltWithUnrealBuildTool|Win32
		{89E62C4A-4563-4E76-87B0-B2B98693CCC2}.Shipping|Win64.ActiveCfg = BuiltWithUnrealBuildTool|Win32
		{F8930FF9-FB79-4EB9-BF34-64269188A4DC}.DebugGame Editor|HTML5.ActiveCfg = Invalid|Win32
		{F8930FF9-FB79-4EB9-BF34-64269188A4DC}.DebugGame Editor|Win32.ActiveCfg = Invalid|Win32
		{F8930FF9-FB79-4EB9-BF34-64269188A4DC}.DebugGame Editor|Win64.ActiveCfg = DebugGame_Editor|x64
		{F8930FF9-FB79-4EB9-BF34-64269188A4DC}.DebugGame Editor|Win64.Build.0 = DebugGame_Editor|x64
		{F8930FF9-FB79-4EB9-BF34-64269188A4DC}.DebugGame|HTML5.ActiveCfg = HTML5_DebugGame|Win32
		{F8930FF9-FB79-4EB9-BF34-64269188A4DC}.DebugGame|HTML5.Build.0 = HTML5_DebugGame|Win32
		{F8930FF9-FB79-4EB9-BF34-64269188A4DC}.DebugGame|Win32.ActiveCfg = DebugGame|Win32
		{F8930FF9-FB79-4EB9-BF34-64269188A4DC}.DebugGame|Win32.Build.0 = DebugGame|Win32
		{F8930FF9-FB79-4EB9-BF34-64269188A4DC}.DebugGame|Win64.ActiveCfg = DebugGame|x64
		{F8930FF9-FB79-4EB9-BF34-64269188A4DC}.DebugGame|Win64.Build.0 = DebugGame|x64
		{F8930FF9-FB79-4EB9-BF34-64269188A4DC}.Development Editor|HTML5.ActiveCfg = Invalid|Win32
		{F8930FF9-FB79-4EB9-BF34-64269188A4DC}.Development Editor|Win32.ActiveCfg = Invalid|Win32
		{F8930FF9-FB79-4EB9-BF34-64269188A4DC}.Development Editor|Win64.ActiveCfg = Development_Editor|x64
		{F8930FF9-FB79-4EB9-BF34-64269188A4DC}.Development Editor|Win64.Build.0 = Development_Editor|x64
		{F8930FF9-FB79-4EB9-BF34-64269188A4DC}.Development|HTML5.ActiveCfg = HTML5_Development|Win32
		{F8930FF9-FB79-4EB9-BF34-64269188A4DC}.Development|HTML5.Build.0 = HTML5_Development|Win32
		{F8930FF9-FB79-4EB9-BF34-64269188A4DC}.Development|Win32.ActiveCfg = Development|Win32
		{F8930FF9-FB79-4EB9-BF34-64269188A4DC}.Development|Win32.Build.0 = Development|Win32
		{F8930FF9-FB79-4EB9-BF34-64269188A4DC}.Development|Win64.ActiveCfg = Development|x64
		{F8930FF9-FB79-4EB9-BF34-64269188A4DC}.Development|Win64.Build.0 = Development|x64
		{F8930FF9-FB79-4EB9-BF34-64269188A4DC}.Shipping|HTML5.ActiveCfg = HTML5_Shipping|Win32
		{F8930FF9-FB79-4EB9-BF34-64269188A4DC}.Shipping|HTML5.Build.0 = HTML5_Shipping|Win32
		{F8930FF9-FB79-4EB9-BF34-64269188A4DC}.Shipping|Win32.ActiveCfg = Shipping|Win32
		{F8930FF9-FB79-4EB9-BF34-64269188A4DC}.Shipping|Win32.Build.0 = Shipping|Win32
		{F8930FF9-FB79-4EB9-BF34-64269188A4DC}.Shipping|Win64.ActiveCfg = Shipping|x64
		{F8930FF9-FB79-4EB9-BF34-64269188A4DC}.Shipping|Win64.Build.0 = Shipping|x64
	EndGlobalSection
	GlobalSection(SolutionProperties) = preSolution
		HideSolutionNode = FALSE
	EndGlobalSection
	GlobalSection(NestedProjects) = preSolution
		{89E62C4A-4563-4E76-87B0-B2B98693CCC2} = {CFB4B66C-4FF9-4503-B414-CD7C0C917C92}
		{F8930FF9-FB79-4EB9-BF34-64269188A4DC} = {077B2243-F827-4BD0-B5CC-9398D5B19710}
	EndGlobalSection
	GlobalSection(ExtensibilityGlobals) = postSolution
		SolutionGuid = {82BE233F-627B-423F-AAAC-A06606F94FFC}
	EndGlobalSection
EndGlobal
